
Microsoft Visual Studio Solution File, Format Version 12.00
Project("{2150E333-8FDC-42A3-9474-1A3956D46DE8}") = "Documentation", "Documentation", "{C3A0E6FC-FFB7-4D50-A350-41AF2F214AFF}"
EndProject
Project("{2150E333-8FDC-42A3-9474-1A3956D46DE8}") = "src", "src", "{C693D6D9-13AB-49CC-9375-73E77DACACE4}"
EndProject
Project("{2150E333-8FDC-42A3-9474-1A3956D46DE8}") = "Core", "Core", "{D0E82F78-F461-4801-84C4-F9A5FB06A04D}"
EndProject
Project("{2150E333-8FDC-42A3-9474-1A3956D46DE8}") = "Tools", "Tools", "{3889782F-8A88-403E-A22F-CEEBE6221DBA}"
EndProject
Project("{FAE04EC0-301F-11D3-BF4B-00C04F79EFBC}") = "VIAPadelClub.Core.Tools.OperationResult", "src\Core\Tools\VIAPadelClub.Core.Tools.OperationResult\VIAPadelClub.Core.Tools.OperationResult.csproj", "{B12136D5-412B-426F-A3D3-E54B1ED516DC}"
EndProject
Project("{FAE04EC0-301F-11D3-BF4B-00C04F79EFBC}") = "VIAPadelClub.Core.Domain", "src\Core\VIAPadelClub.Core.Domain\VIAPadelClub.Core.Domain.csproj", "{C2235908-9048-4F2E-A84B-AAFE65361AEF}"
EndProject
Project("{2150E333-8FDC-42A3-9474-1A3956D46DE8}") = "Tests", "Tests", "{19A6C1B9-D2A5-4C16-83E6-97A2FA40F2EF}"
EndProject
Project("{FAE04EC0-301F-11D3-BF4B-00C04F79EFBC}") = "UnitTests", "UnitTests\UnitTests.csproj", "{A8F05F8F-300B-4E39-9105-A00CAA536902}"
EndProject
Global
	GlobalSection(SolutionConfigurationPlatforms) = preSolution
		Debug|Any CPU = Debug|Any CPU
		Release|Any CPU = Release|Any CPU
	EndGlobalSection
	GlobalSection(NestedProjects) = preSolution
		{D0E82F78-F461-4801-84C4-F9A5FB06A04D} = {C693D6D9-13AB-49CC-9375-73E77DACACE4}
		{3889782F-8A88-403E-A22F-CEEBE6221DBA} = {D0E82F78-F461-4801-84C4-F9A5FB06A04D}
		{B12136D5-412B-426F-A3D3-E54B1ED516DC} = {3889782F-8A88-403E-A22F-CEEBE6221DBA}
		{C2235908-9048-4F2E-A84B-AAFE65361AEF} = {D0E82F78-F461-4801-84C4-F9A5FB06A04D}
		{A8F05F8F-300B-4E39-9105-A00CAA536902} = {19A6C1B9-D2A5-4C16-83E6-97A2FA40F2EF}
	EndGlobalSection
	GlobalSection(ProjectConfigurationPlatforms) = postSolution
		{B12136D5-412B-426F-A3D3-E54B1ED516DC}.Debug|Any CPU.ActiveCfg = Debug|Any CPU
		{B12136D5-412B-426F-A3D3-E54B1ED516DC}.Debug|Any CPU.Build.0 = Debug|Any CPU
		{B12136D5-412B-426F-A3D3-E54B1ED516DC}.Release|Any CPU.ActiveCfg = Release|Any CPU
		{B12136D5-412B-426F-A3D3-E54B1ED516DC}.Release|Any CPU.Build.0 = Release|Any CPU
		{C2235908-9048-4F2E-A84B-AAFE65361AEF}.Debug|Any CPU.ActiveCfg = Debug|Any CPU
		{C2235908-9048-4F2E-A84B-AAFE65361AEF}.Debug|Any CPU.Build.0 = Debug|Any CPU
		{C2235908-9048-4F2E-A84B-AAFE65361AEF}.Release|Any CPU.ActiveCfg = Release|Any CPU
		{C2235908-9048-4F2E-A84B-AAFE65361AEF}.Release|Any CPU.Build.0 = Release|Any CPU
		{A8F05F8F-300B-4E39-9105-A00CAA536902}.Debug|Any CPU.ActiveCfg = Debug|Any CPU
		{A8F05F8F-300B-4E39-9105-A00CAA536902}.Debug|Any CPU.Build.0 = Debug|Any CPU
		{A8F05F8F-300B-4E39-9105-A00CAA536902}.Release|Any CPU.ActiveCfg = Release|Any CPU
		{A8F05F8F-300B-4E39-9105-A00CAA536902}.Release|Any CPU.Build.0 = Release|Any CPU
	EndGlobalSection
EndGlobal
