
Microsoft Visual Studio Solution File, Format Version 12.00
Project("{2150E333-8FDC-42A3-9474-1A3956D46DE8}") = "Documentation", "Documentation", "{C3A0E6FC-FFB7-4D50-A350-41AF2F214AFF}"
EndProject
Project("{2150E333-8FDC-42A3-9474-1A3956D46DE8}") = "src", "src", "{C693D6D9-13AB-49CC-9375-73E77DACACE4}"

EndProject
Project("{2150E333-8FDC-42A3-9474-1A3956D46DE8}") = "Core", "Core", "{D0E82F78-F461-4801-84C4-F9A5FB06A04D}"
EndProject
Project("{2150E333-8FDC-42A3-9474-1A3956D46DE8}") = "Tools", "Tools", "{3889782F-8A88-403E-A22F-CEEBE6221DBA}"
EndProject
Project("{FAE04EC0-301F-11D3-BF4B-00C04F79EFBC}") = "VIAPadelClub.Core.Tools.OperationResult", "src\Core\Tools\VIAPadelClub.Core.Tools.OperationResult\VIAPadelClub.Core.Tools.OperationResult.csproj", "{B12136D5-412B-426F-A3D3-E54B1ED516DC}"
EndProject
Project("{FAE04EC0-301F-11D3-BF4B-00C04F79EFBC}") = "Documentation", "Documentation\Documentation.csproj", "{1962E8B6-35C8-47A4-B65B-99A1FFAE6D15}"
EndProject
Project("{2150E333-8FDC-42A3-9474-1A3956D46DE8}") = "Tests", "Tests", "{2587EBD5-C39D-48FC-A768-8A9143B88DFF}"
EndProject
Project("{FAE04EC0-301F-11D3-BF4B-00C04F79EFBC}") = "Tests", "Tests\Tests.csproj", "{AB9BE273-A56C-4952-8B73-4949C941AFE4}"
EndProject
Project("{FAE04EC0-301F-11D3-BF4B-00C04F79EFBC}") = "VIAPadelClub.Core.Domain", "src\Core\VIAPadelClub.Core.Domain\VIAPadelClub.Core.Domain.csproj", "{BB956A04-0FD2-431A-8120-7CBB9A0867A7}"
EndProject
Global
	GlobalSection(SolutionConfigurationPlatforms) = preSolution
		Debug|Any CPU = Debug|Any CPU
		Release|Any CPU = Release|Any CPU
	EndGlobalSection
	GlobalSection(NestedProjects) = preSolution
		{D0E82F78-F461-4801-84C4-F9A5FB06A04D} = {C693D6D9-13AB-49CC-9375-73E77DACACE4}
		{3889782F-8A88-403E-A22F-CEEBE6221DBA} = {D0E82F78-F461-4801-84C4-F9A5FB06A04D}
		{B12136D5-412B-426F-A3D3-E54B1ED516DC} = {3889782F-8A88-403E-A22F-CEEBE6221DBA}
		{BB956A04-0FD2-431A-8120-7CBB9A0867A7} = {D0E82F78-F461-4801-84C4-F9A5FB06A04D}
		{1962E8B6-35C8-47A4-B65B-99A1FFAE6D15} = {C3A0E6FC-FFB7-4D50-A350-41AF2F214AFF}
	EndGlobalSection
	GlobalSection(ProjectConfigurationPlatforms) = postSolution
		{B12136D5-412B-426F-A3D3-E54B1ED516DC}.Debug|Any CPU.ActiveCfg = Debug|Any CPU
		{B12136D5-412B-426F-A3D3-E54B1ED516DC}.Debug|Any CPU.Build.0 = Debug|Any CPU
		{B12136D5-412B-426F-A3D3-E54B1ED516DC}.Release|Any CPU.ActiveCfg = Release|Any CPU
		{B12136D5-412B-426F-A3D3-E54B1ED516DC}.Release|Any CPU.Build.0 = Release|Any CPU
		{1962E8B6-35C8-47A4-B65B-99A1FFAE6D15}.Debug|Any CPU.ActiveCfg = Debug|Any CPU
		{1962E8B6-35C8-47A4-B65B-99A1FFAE6D15}.Debug|Any CPU.Build.0 = Debug|Any CPU
		{1962E8B6-35C8-47A4-B65B-99A1FFAE6D15}.Release|Any CPU.ActiveCfg = Release|Any CPU
		{1962E8B6-35C8-47A4-B65B-99A1FFAE6D15}.Release|Any CPU.Build.0 = Release|Any CPU
		{AB9BE273-A56C-4952-8B73-4949C941AFE4}.Debug|Any CPU.ActiveCfg = Debug|Any CPU
		{AB9BE273-A56C-4952-8B73-4949C941AFE4}.Debug|Any CPU.Build.0 = Debug|Any CPU
		{AB9BE273-A56C-4952-8B73-4949C941AFE4}.Release|Any CPU.ActiveCfg = Release|Any CPU
		{AB9BE273-A56C-4952-8B73-4949C941AFE4}.Release|Any CPU.Build.0 = Release|Any CPU
		{BB956A04-0FD2-431A-8120-7CBB9A0867A7}.Debug|Any CPU.ActiveCfg = Debug|Any CPU
		{BB956A04-0FD2-431A-8120-7CBB9A0867A7}.Debug|Any CPU.Build.0 = Debug|Any CPU
		{BB956A04-0FD2-431A-8120-7CBB9A0867A7}.Release|Any CPU.ActiveCfg = Release|Any CPU
		{BB956A04-0FD2-431A-8120-7CBB9A0867A7}.Release|Any CPU.Build.0 = Release|Any CPU
	EndGlobalSection
EndGlobal
